
Microsoft Visual Studio Solution File, Format Version 12.00
# Visual Studio Version 17
VisualStudioVersion = 17.7.34202.233
MinimumVisualStudioVersion = 10.0.40219.1
Project("{9A19103F-16F7-4668-BE54-9A1E7A4F7556}") = "WebAuthorization22", "WebAuthorization22\WebAuthorization22.csproj", "{1261C601-C975-4EEE-9868-633E641F30B0}"
EndProject
Global
	GlobalSection(SolutionConfigurationPlatforms) = preSolution
		Debug|Any CPU = Debug|Any CPU
		Release|Any CPU = Release|Any CPU
	EndGlobalSection
	GlobalSection(ProjectConfigurationPlatforms) = postSolution
		{1261C601-C975-4EEE-9868-633E641F30B0}.Debug|Any CPU.ActiveCfg = Debug|Any CPU
		{1261C601-C975-4EEE-9868-633E641F30B0}.Debug|Any CPU.Build.0 = Debug|Any CPU
		{1261C601-C975-4EEE-9868-633E641F30B0}.Release|Any CPU.ActiveCfg = Release|Any CPU
		{1261C601-C975-4EEE-9868-633E641F30B0}.Release|Any CPU.Build.0 = Release|Any CPU
	EndGlobalSection
	GlobalSection(SolutionProperties) = preSolution
		HideSolutionNode = FALSE
	EndGlobalSection
	GlobalSection(ExtensibilityGlobals) = postSolution
		SolutionGuid = {BBCEB6CB-819D-45FE-85D5-1E2414244F6E}
	EndGlobalSection
EndGlobal
